
Microsoft Visual Studio Solution File, Format Version 12.00
# Visual Studio Version 17
VisualStudioVersion = 17.4.33103.184
MinimumVisualStudioVersion = 10.0.40219.1
Project("{FAE04EC0-301F-11D3-BF4B-00C04F79EFBC}") = "webapi.inlock.CodeFirst", "webapi.inlock.CodeFirst.csproj", "{E388209A-16F0-47E2-A013-EE193C77ECBA}"
EndProject
Global
	GlobalSection(SolutionConfigurationPlatforms) = preSolution
		Debug|Any CPU = Debug|Any CPU
		Release|Any CPU = Release|Any CPU
	EndGlobalSection
	GlobalSection(ProjectConfigurationPlatforms) = postSolution
		{E388209A-16F0-47E2-A013-EE193C77ECBA}.Debug|Any CPU.ActiveCfg = Debug|Any CPU
		{E388209A-16F0-47E2-A013-EE193C77ECBA}.Debug|Any CPU.Build.0 = Debug|Any CPU
		{E388209A-16F0-47E2-A013-EE193C77ECBA}.Release|Any CPU.ActiveCfg = Release|Any CPU
		{E388209A-16F0-47E2-A013-EE193C77ECBA}.Release|Any CPU.Build.0 = Release|Any CPU
	EndGlobalSection
	GlobalSection(SolutionProperties) = preSolution
		HideSolutionNode = FALSE
	EndGlobalSection
	GlobalSection(ExtensibilityGlobals) = postSolution
		SolutionGuid = {634AE09E-3253-47FE-8BB5-9E73E6FA3359}
	EndGlobalSection
EndGlobal
