
Microsoft Visual Studio Solution File, Format Version 12.00
# Visual Studio Version 17
VisualStudioVersion = 17.4.33103.184
MinimumVisualStudioVersion = 10.0.40219.1
Project("{FAE04EC0-301F-11D3-BF4B-00C04F79EFBC}") = "webapi.filmes.tarde", "webapi.filmes.tarde.csproj", "{82A5E5EA-CB0E-4C17-9281-40B5FD36A942}"
EndProject
Global
	GlobalSection(SolutionConfigurationPlatforms) = preSolution
		Debug|Any CPU = Debug|Any CPU
		Release|Any CPU = Release|Any CPU
	EndGlobalSection
	GlobalSection(ProjectConfigurationPlatforms) = postSolution
		{82A5E5EA-CB0E-4C17-9281-40B5FD36A942}.Debug|Any CPU.ActiveCfg = Debug|Any CPU
		{82A5E5EA-CB0E-4C17-9281-40B5FD36A942}.Debug|Any CPU.Build.0 = Debug|Any CPU
		{82A5E5EA-CB0E-4C17-9281-40B5FD36A942}.Release|Any CPU.ActiveCfg = Release|Any CPU
		{82A5E5EA-CB0E-4C17-9281-40B5FD36A942}.Release|Any CPU.Build.0 = Release|Any CPU
	EndGlobalSection
	GlobalSection(SolutionProperties) = preSolution
		HideSolutionNode = FALSE
	EndGlobalSection
	GlobalSection(ExtensibilityGlobals) = postSolution
		SolutionGuid = {7921A81C-79B4-4413-BFD1-F10B2B5E839D}
	EndGlobalSection
EndGlobal
