
Microsoft Visual Studio Solution File, Format Version 12.00
# Visual Studio Version 17
VisualStudioVersion = 17.4.33103.184
MinimumVisualStudioVersion = 10.0.40219.1
Project("{FAE04EC0-301F-11D3-BF4B-00C04F79EFBC}") = "senai.inlock.webApi", "senai.inlock.webApi.csproj", "{572AA5FF-B920-45B3-87D3-78C121521982}"
EndProject
Global
	GlobalSection(SolutionConfigurationPlatforms) = preSolution
		Debug|Any CPU = Debug|Any CPU
		Release|Any CPU = Release|Any CPU
	EndGlobalSection
	GlobalSection(ProjectConfigurationPlatforms) = postSolution
		{572AA5FF-B920-45B3-87D3-78C121521982}.Debug|Any CPU.ActiveCfg = Debug|Any CPU
		{572AA5FF-B920-45B3-87D3-78C121521982}.Debug|Any CPU.Build.0 = Debug|Any CPU
		{572AA5FF-B920-45B3-87D3-78C121521982}.Release|Any CPU.ActiveCfg = Release|Any CPU
		{572AA5FF-B920-45B3-87D3-78C121521982}.Release|Any CPU.Build.0 = Release|Any CPU
	EndGlobalSection
	GlobalSection(SolutionProperties) = preSolution
		HideSolutionNode = FALSE
	EndGlobalSection
	GlobalSection(ExtensibilityGlobals) = postSolution
		SolutionGuid = {D369E63F-5E84-42A7-B1F6-33BCA6CC8FA7}
	EndGlobalSection
EndGlobal
